// !$*UTF8*$!
{
	archiveVersion = 1;
	classes = {
	};
	objectVersion = 55;
	objects = {

/* Begin PBXBuildFile section */
		571C31E5276F9E2F004F4D0B /* rummappApp.swift in Sources */ = {isa = PBXBuildFile; fileRef = 571C31E4276F9E2F004F4D0B /* rummappApp.swift */; };
		571C31E7276F9E2F004F4D0B /* ContentView.swift in Sources */ = {isa = PBXBuildFile; fileRef = 571C31E6276F9E2F004F4D0B /* ContentView.swift */; };
		571C31E9276F9E30004F4D0B /* Assets.xcassets in Resources */ = {isa = PBXBuildFile; fileRef = 571C31E8276F9E30004F4D0B /* Assets.xcassets */; };
		571C31EC276F9E30004F4D0B /* Preview Assets.xcassets in Resources */ = {isa = PBXBuildFile; fileRef = 571C31EB276F9E30004F4D0B /* Preview Assets.xcassets */; };
		571C31EE276F9E30004F4D0B /* Persistence.swift in Sources */ = {isa = PBXBuildFile; fileRef = 571C31ED276F9E30004F4D0B /* Persistence.swift */; };
		571C31F1276F9E30004F4D0B /* rummapp.xcdatamodeld in Sources */ = {isa = PBXBuildFile; fileRef = 571C31EF276F9E30004F4D0B /* rummapp.xcdatamodeld */; };
		571C31FB276F9E30004F4D0B /* rummappTests.swift in Sources */ = {isa = PBXBuildFile; fileRef = 571C31FA276F9E30004F4D0B /* rummappTests.swift */; };
		571C3205276F9E30004F4D0B /* rummappUITests.swift in Sources */ = {isa = PBXBuildFile; fileRef = 571C3204276F9E30004F4D0B /* rummappUITests.swift */; };
		571C3207276F9E30004F4D0B /* rummappUITestsLaunchTests.swift in Sources */ = {isa = PBXBuildFile; fileRef = 571C3206276F9E30004F4D0B /* rummappUITestsLaunchTests.swift */; };
		575DAC61277FB54F00DFF0DB /* Home.swift in Sources */ = {isa = PBXBuildFile; fileRef = 575DAC60277FB54F00DFF0DB /* Home.swift */; };
		575DAC64277FB57F00DFF0DB /* Patterns.swift in Sources */ = {isa = PBXBuildFile; fileRef = 575DAC63277FB57F00DFF0DB /* Patterns.swift */; };
		575DAC69277FD16700DFF0DB /* colors.swift in Sources */ = {isa = PBXBuildFile; fileRef = 575DAC68277FD16700DFF0DB /* colors.swift */; };
		575DAC6B277FEE2F00DFF0DB /* Modable.swift in Sources */ = {isa = PBXBuildFile; fileRef = 575DAC6A277FEE2F00DFF0DB /* Modable.swift */; };
		575DAC7A2780C2D800DFF0DB /* Localizable.strings in Resources */ = {isa = PBXBuildFile; fileRef = 575DAC7C2780C2D800DFF0DB /* Localizable.strings */; };
		578CD9432781F5DE0062CE72 /* ButtonFilled.swift in Sources */ = {isa = PBXBuildFile; fileRef = 578CD9422781F5DE0062CE72 /* ButtonFilled.swift */; };
		578CD9452781F85A0062CE72 /* Login.swift in Sources */ = {isa = PBXBuildFile; fileRef = 578CD9442781F85A0062CE72 /* Login.swift */; };
		578CD947278209590062CE72 /* TunedModable.swift in Sources */ = {isa = PBXBuildFile; fileRef = 578CD946278209590062CE72 /* TunedModable.swift */; };
/* End PBXBuildFile section */

/* Begin PBXContainerItemProxy section */
		571C31F7276F9E30004F4D0B /* PBXContainerItemProxy */ = {
			isa = PBXContainerItemProxy;
			containerPortal = 571C31D9276F9E2E004F4D0B /* Project object */;
			proxyType = 1;
			remoteGlobalIDString = 571C31E0276F9E2F004F4D0B;
			remoteInfo = rummapp;
		};
		571C3201276F9E30004F4D0B /* PBXContainerItemProxy */ = {
			isa = PBXContainerItemProxy;
			containerPortal = 571C31D9276F9E2E004F4D0B /* Project object */;
			proxyType = 1;
			remoteGlobalIDString = 571C31E0276F9E2F004F4D0B;
			remoteInfo = rummapp;
		};
/* End PBXContainerItemProxy section */

/* Begin PBXFileReference section */
		571C31E1276F9E2F004F4D0B /* rummapp.app */ = {isa = PBXFileReference; explicitFileType = wrapper.application; includeInIndex = 0; path = rummapp.app; sourceTree = BUILT_PRODUCTS_DIR; };
		571C31E4276F9E2F004F4D0B /* rummappApp.swift */ = {isa = PBXFileReference; lastKnownFileType = sourcecode.swift; path = rummappApp.swift; sourceTree = "<group>"; };
		571C31E6276F9E2F004F4D0B /* ContentView.swift */ = {isa = PBXFileReference; lastKnownFileType = sourcecode.swift; path = ContentView.swift; sourceTree = "<group>"; };
		571C31E8276F9E30004F4D0B /* Assets.xcassets */ = {isa = PBXFileReference; lastKnownFileType = folder.assetcatalog; path = Assets.xcassets; sourceTree = "<group>"; };
		571C31EB276F9E30004F4D0B /* Preview Assets.xcassets */ = {isa = PBXFileReference; lastKnownFileType = folder.assetcatalog; path = "Preview Assets.xcassets"; sourceTree = "<group>"; };
		571C31ED276F9E30004F4D0B /* Persistence.swift */ = {isa = PBXFileReference; lastKnownFileType = sourcecode.swift; path = Persistence.swift; sourceTree = "<group>"; };
		571C31F0276F9E30004F4D0B /* rummapp.xcdatamodel */ = {isa = PBXFileReference; lastKnownFileType = wrapper.xcdatamodel; path = rummapp.xcdatamodel; sourceTree = "<group>"; };
		571C31F6276F9E30004F4D0B /* rummappTests.xctest */ = {isa = PBXFileReference; explicitFileType = wrapper.cfbundle; includeInIndex = 0; path = rummappTests.xctest; sourceTree = BUILT_PRODUCTS_DIR; };
		571C31FA276F9E30004F4D0B /* rummappTests.swift */ = {isa = PBXFileReference; lastKnownFileType = sourcecode.swift; path = rummappTests.swift; sourceTree = "<group>"; };
		571C3200276F9E30004F4D0B /* rummappUITests.xctest */ = {isa = PBXFileReference; explicitFileType = wrapper.cfbundle; includeInIndex = 0; path = rummappUITests.xctest; sourceTree = BUILT_PRODUCTS_DIR; };
		571C3204276F9E30004F4D0B /* rummappUITests.swift */ = {isa = PBXFileReference; lastKnownFileType = sourcecode.swift; path = rummappUITests.swift; sourceTree = "<group>"; };
		571C3206276F9E30004F4D0B /* rummappUITestsLaunchTests.swift */ = {isa = PBXFileReference; lastKnownFileType = sourcecode.swift; path = rummappUITestsLaunchTests.swift; sourceTree = "<group>"; };
		575DAC60277FB54F00DFF0DB /* Home.swift */ = {isa = PBXFileReference; lastKnownFileType = sourcecode.swift; path = Home.swift; sourceTree = "<group>"; };
		575DAC63277FB57F00DFF0DB /* Patterns.swift */ = {isa = PBXFileReference; lastKnownFileType = sourcecode.swift; path = Patterns.swift; sourceTree = "<group>"; };
		575DAC68277FD16700DFF0DB /* colors.swift */ = {isa = PBXFileReference; lastKnownFileType = sourcecode.swift; path = colors.swift; sourceTree = "<group>"; };
		575DAC6A277FEE2F00DFF0DB /* Modable.swift */ = {isa = PBXFileReference; lastKnownFileType = sourcecode.swift; path = Modable.swift; sourceTree = "<group>"; };
		575DAC7B2780C2D800DFF0DB /* es */ = {isa = PBXFileReference; lastKnownFileType = text.plist.strings; name = es; path = es.lproj/Localizable.strings; sourceTree = "<group>"; };
		575DAC7E2780F87500DFF0DB /* en */ = {isa = PBXFileReference; fileEncoding = 4; lastKnownFileType = text.plist.strings; lineEnding = 0; name = en; path = en.lproj/Localizable.strings; sourceTree = "<group>"; };
		578CD9422781F5DE0062CE72 /* ButtonFilled.swift */ = {isa = PBXFileReference; lastKnownFileType = sourcecode.swift; path = ButtonFilled.swift; sourceTree = "<group>"; };
		578CD9442781F85A0062CE72 /* Login.swift */ = {isa = PBXFileReference; lastKnownFileType = sourcecode.swift; path = Login.swift; sourceTree = "<group>"; };
		578CD946278209590062CE72 /* TunedModable.swift */ = {isa = PBXFileReference; lastKnownFileType = sourcecode.swift; path = TunedModable.swift; sourceTree = "<group>"; };
/* End PBXFileReference section */

/* Begin PBXFrameworksBuildPhase section */
		571C31DE276F9E2F004F4D0B /* Frameworks */ = {
			isa = PBXFrameworksBuildPhase;
			buildActionMask = 2147483647;
			files = (
			);
			runOnlyForDeploymentPostprocessing = 0;
		};
		571C31F3276F9E30004F4D0B /* Frameworks */ = {
			isa = PBXFrameworksBuildPhase;
			buildActionMask = 2147483647;
			files = (
			);
			runOnlyForDeploymentPostprocessing = 0;
		};
		571C31FD276F9E30004F4D0B /* Frameworks */ = {
			isa = PBXFrameworksBuildPhase;
			buildActionMask = 2147483647;
			files = (
			);
			runOnlyForDeploymentPostprocessing = 0;
		};
/* End PBXFrameworksBuildPhase section */

/* Begin PBXGroup section */
		571C31D8276F9E2E004F4D0B = {
			isa = PBXGroup;
			children = (
				571C31E3276F9E2F004F4D0B /* rummapp */,
				571C31F9276F9E30004F4D0B /* rummappTests */,
				571C3203276F9E30004F4D0B /* rummappUITests */,
				571C31E2276F9E2F004F4D0B /* Products */,
			);
			sourceTree = "<group>";
		};
		571C31E2276F9E2F004F4D0B /* Products */ = {
			isa = PBXGroup;
			children = (
				571C31E1276F9E2F004F4D0B /* rummapp.app */,
				571C31F6276F9E30004F4D0B /* rummappTests.xctest */,
				571C3200276F9E30004F4D0B /* rummappUITests.xctest */,
			);
			name = Products;
			sourceTree = "<group>";
		};
		571C31E3276F9E2F004F4D0B /* rummapp */ = {
			isa = PBXGroup;
			children = (
				575DAC722780BF0D00DFF0DB /* resources */,
				575DAC67277FD15700DFF0DB /* helpers */,
				575DAC5F277FB53500DFF0DB /* screens */,
				575DAC5D277FB36200DFF0DB /* schemas */,
				575DAC5C277FB35B00DFF0DB /* atoms */,
				575DAC5B277FB34700DFF0DB /* components */,
				575DAC5E277FB36700DFF0DB /* layouts */,
				571C31E8276F9E30004F4D0B /* Assets.xcassets */,
				571C31E4276F9E2F004F4D0B /* rummappApp.swift */,
				571C31E6276F9E2F004F4D0B /* ContentView.swift */,
				571C31ED276F9E30004F4D0B /* Persistence.swift */,
				571C31EF276F9E30004F4D0B /* rummapp.xcdatamodeld */,
				571C31EA276F9E30004F4D0B /* Preview Content */,
			);
			path = rummapp;
			sourceTree = "<group>";
		};
		571C31EA276F9E30004F4D0B /* Preview Content */ = {
			isa = PBXGroup;
			children = (
				571C31EB276F9E30004F4D0B /* Preview Assets.xcassets */,
			);
			path = "Preview Content";
			sourceTree = "<group>";
		};
		571C31F9276F9E30004F4D0B /* rummappTests */ = {
			isa = PBXGroup;
			children = (
				571C31FA276F9E30004F4D0B /* rummappTests.swift */,
			);
			path = rummappTests;
			sourceTree = "<group>";
		};
		571C3203276F9E30004F4D0B /* rummappUITests */ = {
			isa = PBXGroup;
			children = (
				571C3204276F9E30004F4D0B /* rummappUITests.swift */,
				571C3206276F9E30004F4D0B /* rummappUITestsLaunchTests.swift */,
			);
			path = rummappUITests;
			sourceTree = "<group>";
		};
		575DAC5B277FB34700DFF0DB /* components */ = {
			isa = PBXGroup;
			children = (
			);
			path = components;
			sourceTree = "<group>";
		};
		575DAC5C277FB35B00DFF0DB /* atoms */ = {
			isa = PBXGroup;
			children = (
				578CD9412781F5C30062CE72 /* Buttons */,
				575DAC62277FB56B00DFF0DB /* Backgrounds */,
			);
			path = atoms;
			sourceTree = "<group>";
		};
		575DAC5D277FB36200DFF0DB /* schemas */ = {
			isa = PBXGroup;
			children = (
			);
			path = schemas;
			sourceTree = "<group>";
		};
		575DAC5E277FB36700DFF0DB /* layouts */ = {
			isa = PBXGroup;
			children = (
				575DAC6A277FEE2F00DFF0DB /* Modable.swift */,
				578CD946278209590062CE72 /* TunedModable.swift */,
			);
			path = layouts;
			sourceTree = "<group>";
		};
		575DAC5F277FB53500DFF0DB /* screens */ = {
			isa = PBXGroup;
			children = (
				575DAC60277FB54F00DFF0DB /* Home.swift */,
				578CD9442781F85A0062CE72 /* Login.swift */,
			);
			path = screens;
			sourceTree = "<group>";
		};
		575DAC62277FB56B00DFF0DB /* Backgrounds */ = {
			isa = PBXGroup;
			children = (
				575DAC63277FB57F00DFF0DB /* Patterns.swift */,
			);
			path = Backgrounds;
			sourceTree = "<group>";
		};
		575DAC67277FD15700DFF0DB /* helpers */ = {
			isa = PBXGroup;
			children = (
				575DAC68277FD16700DFF0DB /* colors.swift */,
			);
			path = helpers;
			sourceTree = "<group>";
		};
		575DAC722780BF0D00DFF0DB /* resources */ = {
			isa = PBXGroup;
			children = (
				575DAC7C2780C2D800DFF0DB /* Localizable.strings */,
			);
			path = resources;
			sourceTree = "<group>";
		};
		578CD9412781F5C30062CE72 /* Buttons */ = {
			isa = PBXGroup;
			children = (
				578CD9422781F5DE0062CE72 /* ButtonFilled.swift */,
			);
			path = Buttons;
			sourceTree = "<group>";
		};
/* End PBXGroup section */

/* Begin PBXNativeTarget section */
		571C31E0276F9E2F004F4D0B /* rummapp */ = {
			isa = PBXNativeTarget;
			buildConfigurationList = 571C320A276F9E30004F4D0B /* Build configuration list for PBXNativeTarget "rummapp" */;
			buildPhases = (
				571C31DD276F9E2F004F4D0B /* Sources */,
				571C31DE276F9E2F004F4D0B /* Frameworks */,
				571C31DF276F9E2F004F4D0B /* Resources */,
			);
			buildRules = (
			);
			dependencies = (
			);
			name = rummapp;
			productName = rummapp;
			productReference = 571C31E1276F9E2F004F4D0B /* rummapp.app */;
			productType = "com.apple.product-type.application";
		};
		571C31F5276F9E30004F4D0B /* rummappTests */ = {
			isa = PBXNativeTarget;
			buildConfigurationList = 571C320D276F9E30004F4D0B /* Build configuration list for PBXNativeTarget "rummappTests" */;
			buildPhases = (
				571C31F2276F9E30004F4D0B /* Sources */,
				571C31F3276F9E30004F4D0B /* Frameworks */,
				571C31F4276F9E30004F4D0B /* Resources */,
			);
			buildRules = (
			);
			dependencies = (
				571C31F8276F9E30004F4D0B /* PBXTargetDependency */,
			);
			name = rummappTests;
			productName = rummappTests;
			productReference = 571C31F6276F9E30004F4D0B /* rummappTests.xctest */;
			productType = "com.apple.product-type.bundle.unit-test";
		};
		571C31FF276F9E30004F4D0B /* rummappUITests */ = {
			isa = PBXNativeTarget;
			buildConfigurationList = 571C3210276F9E30004F4D0B /* Build configuration list for PBXNativeTarget "rummappUITests" */;
			buildPhases = (
				571C31FC276F9E30004F4D0B /* Sources */,
				571C31FD276F9E30004F4D0B /* Frameworks */,
				571C31FE276F9E30004F4D0B /* Resources */,
			);
			buildRules = (
			);
			dependencies = (
				571C3202276F9E30004F4D0B /* PBXTargetDependency */,
			);
			name = rummappUITests;
			productName = rummappUITests;
			productReference = 571C3200276F9E30004F4D0B /* rummappUITests.xctest */;
			productType = "com.apple.product-type.bundle.ui-testing";
		};
/* End PBXNativeTarget section */

/* Begin PBXProject section */
		571C31D9276F9E2E004F4D0B /* Project object */ = {
			isa = PBXProject;
			attributes = {
				BuildIndependentTargetsInParallel = 1;
				LastSwiftUpdateCheck = 1320;
				LastUpgradeCheck = 1320;
				TargetAttributes = {
					571C31E0276F9E2F004F4D0B = {
						CreatedOnToolsVersion = 13.2;
					};
					571C31F5276F9E30004F4D0B = {
						CreatedOnToolsVersion = 13.2;
						TestTargetID = 571C31E0276F9E2F004F4D0B;
					};
					571C31FF276F9E30004F4D0B = {
						CreatedOnToolsVersion = 13.2;
						TestTargetID = 571C31E0276F9E2F004F4D0B;
					};
				};
			};
			buildConfigurationList = 571C31DC276F9E2F004F4D0B /* Build configuration list for PBXProject "rummapp" */;
			compatibilityVersion = "Xcode 13.0";
			developmentRegion = en;
			hasScannedForEncodings = 0;
			knownRegions = (
				en,
				es,
			);
			mainGroup = 571C31D8276F9E2E004F4D0B;
			productRefGroup = 571C31E2276F9E2F004F4D0B /* Products */;
			projectDirPath = "";
			projectRoot = "";
			targets = (
				571C31E0276F9E2F004F4D0B /* rummapp */,
				571C31F5276F9E30004F4D0B /* rummappTests */,
				571C31FF276F9E30004F4D0B /* rummappUITests */,
			);
		};
/* End PBXProject section */

/* Begin PBXResourcesBuildPhase section */
		571C31DF276F9E2F004F4D0B /* Resources */ = {
			isa = PBXResourcesBuildPhase;
			buildActionMask = 2147483647;
			files = (
				571C31EC276F9E30004F4D0B /* Preview Assets.xcassets in Resources */,
				575DAC7A2780C2D800DFF0DB /* Localizable.strings in Resources */,
				571C31E9276F9E30004F4D0B /* Assets.xcassets in Resources */,
			);
			runOnlyForDeploymentPostprocessing = 0;
		};
		571C31F4276F9E30004F4D0B /* Resources */ = {
			isa = PBXResourcesBuildPhase;
			buildActionMask = 2147483647;
			files = (
			);
			runOnlyForDeploymentPostprocessing = 0;
		};
		571C31FE276F9E30004F4D0B /* Resources */ = {
			isa = PBXResourcesBuildPhase;
			buildActionMask = 2147483647;
			files = (
			);
			runOnlyForDeploymentPostprocessing = 0;
		};
/* End PBXResourcesBuildPhase section */

/* Begin PBXSourcesBuildPhase section */
		571C31DD276F9E2F004F4D0B /* Sources */ = {
			isa = PBXSourcesBuildPhase;
			buildActionMask = 2147483647;
			files = (
				571C31EE276F9E30004F4D0B /* Persistence.swift in Sources */,
				578CD9452781F85A0062CE72 /* Login.swift in Sources */,
				571C31E7276F9E2F004F4D0B /* ContentView.swift in Sources */,
				575DAC69277FD16700DFF0DB /* colors.swift in Sources */,
				575DAC61277FB54F00DFF0DB /* Home.swift in Sources */,
				575DAC6B277FEE2F00DFF0DB /* Modable.swift in Sources */,
				571C31F1276F9E30004F4D0B /* rummapp.xcdatamodeld in Sources */,
				578CD947278209590062CE72 /* TunedModable.swift in Sources */,
				578CD9432781F5DE0062CE72 /* ButtonFilled.swift in Sources */,
				571C31E5276F9E2F004F4D0B /* rummappApp.swift in Sources */,
				575DAC64277FB57F00DFF0DB /* Patterns.swift in Sources */,
			);
			runOnlyForDeploymentPostprocessing = 0;
		};
		571C31F2276F9E30004F4D0B /* Sources */ = {
			isa = PBXSourcesBuildPhase;
			buildActionMask = 2147483647;
			files = (
				571C31FB276F9E30004F4D0B /* rummappTests.swift in Sources */,
			);
			runOnlyForDeploymentPostprocessing = 0;
		};
		571C31FC276F9E30004F4D0B /* Sources */ = {
			isa = PBXSourcesBuildPhase;
			buildActionMask = 2147483647;
			files = (
				571C3205276F9E30004F4D0B /* rummappUITests.swift in Sources */,
				571C3207276F9E30004F4D0B /* rummappUITestsLaunchTests.swift in Sources */,
			);
			runOnlyForDeploymentPostprocessing = 0;
		};
/* End PBXSourcesBuildPhase section */

/* Begin PBXTargetDependency section */
		571C31F8276F9E30004F4D0B /* PBXTargetDependency */ = {
			isa = PBXTargetDependency;
			target = 571C31E0276F9E2F004F4D0B /* rummapp */;
			targetProxy = 571C31F7276F9E30004F4D0B /* PBXContainerItemProxy */;
		};
		571C3202276F9E30004F4D0B /* PBXTargetDependency */ = {
			isa = PBXTargetDependency;
			target = 571C31E0276F9E2F004F4D0B /* rummapp */;
			targetProxy = 571C3201276F9E30004F4D0B /* PBXContainerItemProxy */;
		};
/* End PBXTargetDependency section */

/* Begin PBXVariantGroup section */
		575DAC7C2780C2D800DFF0DB /* Localizable.strings */ = {
			isa = PBXVariantGroup;
			children = (
				575DAC7B2780C2D800DFF0DB /* es */,
				575DAC7E2780F87500DFF0DB /* en */,
			);
			name = Localizable.strings;
			sourceTree = "<group>";
		};
/* End PBXVariantGroup section */

/* Begin XCBuildConfiguration section */
		571C3208276F9E30004F4D0B /* Debug */ = {
			isa = XCBuildConfiguration;
			buildSettings = {
				ALWAYS_SEARCH_USER_PATHS = NO;
				CLANG_ANALYZER_LOCALIZABILITY_NONLOCALIZED = YES;
				CLANG_ANALYZER_NONNULL = YES;
				CLANG_ANALYZER_NUMBER_OBJECT_CONVERSION = YES_AGGRESSIVE;
				CLANG_CXX_LANGUAGE_STANDARD = "gnu++17";
				CLANG_CXX_LIBRARY = "libc++";
				CLANG_ENABLE_MODULES = YES;
				CLANG_ENABLE_OBJC_ARC = YES;
				CLANG_ENABLE_OBJC_WEAK = YES;
				CLANG_WARN_BLOCK_CAPTURE_AUTORELEASING = YES;
				CLANG_WARN_BOOL_CONVERSION = YES;
				CLANG_WARN_COMMA = YES;
				CLANG_WARN_CONSTANT_CONVERSION = YES;
				CLANG_WARN_DEPRECATED_OBJC_IMPLEMENTATIONS = YES;
				CLANG_WARN_DIRECT_OBJC_ISA_USAGE = YES_ERROR;
				CLANG_WARN_DOCUMENTATION_COMMENTS = YES;
				CLANG_WARN_EMPTY_BODY = YES;
				CLANG_WARN_ENUM_CONVERSION = YES;
				CLANG_WARN_INFINITE_RECURSION = YES;
				CLANG_WARN_INT_CONVERSION = YES;
				CLANG_WARN_NON_LITERAL_NULL_CONVERSION = YES;
				CLANG_WARN_OBJC_IMPLICIT_RETAIN_SELF = YES;
				CLANG_WARN_OBJC_LITERAL_CONVERSION = YES;
				CLANG_WARN_OBJC_ROOT_CLASS = YES_ERROR;
				CLANG_WARN_QUOTED_INCLUDE_IN_FRAMEWORK_HEADER = YES;
				CLANG_WARN_RANGE_LOOP_ANALYSIS = YES;
				CLANG_WARN_STRICT_PROTOTYPES = YES;
				CLANG_WARN_SUSPICIOUS_MOVE = YES;
				CLANG_WARN_UNGUARDED_AVAILABILITY = YES_AGGRESSIVE;
				CLANG_WARN_UNREACHABLE_CODE = YES;
				CLANG_WARN__DUPLICATE_METHOD_MATCH = YES;
				COPY_PHASE_STRIP = NO;
				DEBUG_INFORMATION_FORMAT = dwarf;
				ENABLE_STRICT_OBJC_MSGSEND = YES;
				ENABLE_TESTABILITY = YES;
				GCC_C_LANGUAGE_STANDARD = gnu11;
				GCC_DYNAMIC_NO_PIC = NO;
				GCC_NO_COMMON_BLOCKS = YES;
				GCC_OPTIMIZATION_LEVEL = 0;
				GCC_PREPROCESSOR_DEFINITIONS = (
					"DEBUG=1",
					"$(inherited)",
				);
				GCC_WARN_64_TO_32_BIT_CONVERSION = YES;
				GCC_WARN_ABOUT_RETURN_TYPE = YES_ERROR;
				GCC_WARN_UNDECLARED_SELECTOR = YES;
				GCC_WARN_UNINITIALIZED_AUTOS = YES_AGGRESSIVE;
				GCC_WARN_UNUSED_FUNCTION = YES;
				GCC_WARN_UNUSED_VARIABLE = YES;
				IPHONEOS_DEPLOYMENT_TARGET = 15.2;
				MTL_ENABLE_DEBUG_INFO = INCLUDE_SOURCE;
				MTL_FAST_MATH = YES;
				ONLY_ACTIVE_ARCH = YES;
				SDKROOT = iphoneos;
				SWIFT_ACTIVE_COMPILATION_CONDITIONS = DEBUG;
				SWIFT_OPTIMIZATION_LEVEL = "-Onone";
			};
			name = Debug;
		};
		571C3209276F9E30004F4D0B /* Release */ = {
			isa = XCBuildConfiguration;
			buildSettings = {
				ALWAYS_SEARCH_USER_PATHS = NO;
				CLANG_ANALYZER_LOCALIZABILITY_NONLOCALIZED = YES;
				CLANG_ANALYZER_NONNULL = YES;
				CLANG_ANALYZER_NUMBER_OBJECT_CONVERSION = YES_AGGRESSIVE;
				CLANG_CXX_LANGUAGE_STANDARD = "gnu++17";
				CLANG_CXX_LIBRARY = "libc++";
				CLANG_ENABLE_MODULES = YES;
				CLANG_ENABLE_OBJC_ARC = YES;
				CLANG_ENABLE_OBJC_WEAK = YES;
				CLANG_WARN_BLOCK_CAPTURE_AUTORELEASING = YES;
				CLANG_WARN_BOOL_CONVERSION = YES;
				CLANG_WARN_COMMA = YES;
				CLANG_WARN_CONSTANT_CONVERSION = YES;
				CLANG_WARN_DEPRECATED_OBJC_IMPLEMENTATIONS = YES;
				CLANG_WARN_DIRECT_OBJC_ISA_USAGE = YES_ERROR;
				CLANG_WARN_DOCUMENTATION_COMMENTS = YES;
				CLANG_WARN_EMPTY_BODY = YES;
				CLANG_WARN_ENUM_CONVERSION = YES;
				CLANG_WARN_INFINITE_RECURSION = YES;
				CLANG_WARN_INT_CONVERSION = YES;
				CLANG_WARN_NON_LITERAL_NULL_CONVERSION = YES;
				CLANG_WARN_OBJC_IMPLICIT_RETAIN_SELF = YES;
				CLANG_WARN_OBJC_LITERAL_CONVERSION = YES;
				CLANG_WARN_OBJC_ROOT_CLASS = YES_ERROR;
				CLANG_WARN_QUOTED_INCLUDE_IN_FRAMEWORK_HEADER = YES;
				CLANG_WARN_RANGE_LOOP_ANALYSIS = YES;
				CLANG_WARN_STRICT_PROTOTYPES = YES;
				CLANG_WARN_SUSPICIOUS_MOVE = YES;
				CLANG_WARN_UNGUARDED_AVAILABILITY = YES_AGGRESSIVE;
				CLANG_WARN_UNREACHABLE_CODE = YES;
				CLANG_WARN__DUPLICATE_METHOD_MATCH = YES;
				COPY_PHASE_STRIP = NO;
				DEBUG_INFORMATION_FORMAT = "dwarf-with-dsym";
				ENABLE_NS_ASSERTIONS = NO;
				ENABLE_STRICT_OBJC_MSGSEND = YES;
				GCC_C_LANGUAGE_STANDARD = gnu11;
				GCC_NO_COMMON_BLOCKS = YES;
				GCC_WARN_64_TO_32_BIT_CONVERSION = YES;
				GCC_WARN_ABOUT_RETURN_TYPE = YES_ERROR;
				GCC_WARN_UNDECLARED_SELECTOR = YES;
				GCC_WARN_UNINITIALIZED_AUTOS = YES_AGGRESSIVE;
				GCC_WARN_UNUSED_FUNCTION = YES;
				GCC_WARN_UNUSED_VARIABLE = YES;
				IPHONEOS_DEPLOYMENT_TARGET = 15.2;
				MTL_ENABLE_DEBUG_INFO = NO;
				MTL_FAST_MATH = YES;
				SDKROOT = iphoneos;
				SWIFT_COMPILATION_MODE = wholemodule;
				SWIFT_OPTIMIZATION_LEVEL = "-O";
				VALIDATE_PRODUCT = YES;
			};
			name = Release;
		};
		571C320B276F9E30004F4D0B /* Debug */ = {
			isa = XCBuildConfiguration;
			buildSettings = {
				ASSETCATALOG_COMPILER_APPICON_NAME = AppIcon;
				ASSETCATALOG_COMPILER_GLOBAL_ACCENT_COLOR_NAME = AccentColor;
				CODE_SIGN_STYLE = Automatic;
				CURRENT_PROJECT_VERSION = 1;
				DEVELOPMENT_ASSET_PATHS = "\"rummapp/Preview Content\"";
				DEVELOPMENT_TEAM = Y743DA2X6Q;
				ENABLE_PREVIEWS = YES;
				GENERATE_INFOPLIST_FILE = YES;
				INFOPLIST_KEY_UIApplicationSceneManifest_Generation = YES;
				INFOPLIST_KEY_UIApplicationSupportsIndirectInputEvents = YES;
				INFOPLIST_KEY_UILaunchScreen_Generation = YES;
				INFOPLIST_KEY_UISupportedInterfaceOrientations_iPad = "UIInterfaceOrientationPortrait UIInterfaceOrientationPortraitUpsideDown UIInterfaceOrientationLandscapeLeft UIInterfaceOrientationLandscapeRight";
				INFOPLIST_KEY_UISupportedInterfaceOrientations_iPhone = "UIInterfaceOrientationPortrait UIInterfaceOrientationLandscapeLeft UIInterfaceOrientationLandscapeRight";
				LD_RUNPATH_SEARCH_PATHS = (
					"$(inherited)",
					"@executable_path/Frameworks",
				);
				MARKETING_VERSION = 1.0;
				PRODUCT_BUNDLE_IDENTIFIER = com.rummlabs.rummapp;
				PRODUCT_NAME = "$(TARGET_NAME)";
				SWIFT_EMIT_LOC_STRINGS = YES;
				SWIFT_VERSION = 5.0;
				TARGETED_DEVICE_FAMILY = "1,2";
			};
			name = Debug;
		};
		571C320C276F9E30004F4D0B /* Release */ = {
			isa = XCBuildConfiguration;
			buildSettings = {
				ASSETCATALOG_COMPILER_APPICON_NAME = AppIcon;
				ASSETCATALOG_COMPILER_GLOBAL_ACCENT_COLOR_NAME = AccentColor;
				CODE_SIGN_STYLE = Automatic;
				CURRENT_PROJECT_VERSION = 1;
				DEVELOPMENT_ASSET_PATHS = "\"rummapp/Preview Content\"";
				DEVELOPMENT_TEAM = Y743DA2X6Q;
				ENABLE_PREVIEWS = YES;
				GENERATE_INFOPLIST_FILE = YES;
				INFOPLIST_KEY_UIApplicationSceneManifest_Generation = YES;
				INFOPLIST_KEY_UIApplicationSupportsIndirectInputEvents = YES;
				INFOPLIST_KEY_UILaunchScreen_Generation = YES;
				INFOPLIST_KEY_UISupportedInterfaceOrientations_iPad = "UIInterfaceOrientationPortrait UIInterfaceOrientationPortraitUpsideDown UIInterfaceOrientationLandscapeLeft UIInterfaceOrientationLandscapeRight";
				INFOPLIST_KEY_UISupportedInterfaceOrientations_iPhone = "UIInterfaceOrientationPortrait UIInterfaceOrientationLandscapeLeft UIInterfaceOrientationLandscapeRight";
				LD_RUNPATH_SEARCH_PATHS = (
					"$(inherited)",
					"@executable_path/Frameworks",
				);
				MARKETING_VERSION = 1.0;
				PRODUCT_BUNDLE_IDENTIFIER = com.rummlabs.rummapp;
				PRODUCT_NAME = "$(TARGET_NAME)";
				SWIFT_EMIT_LOC_STRINGS = YES;
				SWIFT_VERSION = 5.0;
				TARGETED_DEVICE_FAMILY = "1,2";
			};
			name = Release;
		};
		571C320E276F9E30004F4D0B /* Debug */ = {
			isa = XCBuildConfiguration;
			buildSettings = {
				ALWAYS_EMBED_SWIFT_STANDARD_LIBRARIES = YES;
				BUNDLE_LOADER = "$(TEST_HOST)";
				CODE_SIGN_STYLE = Automatic;
				CURRENT_PROJECT_VERSION = 1;
				GENERATE_INFOPLIST_FILE = YES;
				IPHONEOS_DEPLOYMENT_TARGET = 15.2;
				MARKETING_VERSION = 1.0;
				PRODUCT_BUNDLE_IDENTIFIER = com.rummlabs.rummappTests;
				PRODUCT_NAME = "$(TARGET_NAME)";
				SWIFT_EMIT_LOC_STRINGS = NO;
				SWIFT_VERSION = 5.0;
				TARGETED_DEVICE_FAMILY = "1,2";
				TEST_HOST = "$(BUILT_PRODUCTS_DIR)/rummapp.app/rummapp";
			};
			name = Debug;
		};
		571C320F276F9E30004F4D0B /* Release */ = {
			isa = XCBuildConfiguration;
			buildSettings = {
				ALWAYS_EMBED_SWIFT_STANDARD_LIBRARIES = YES;
				BUNDLE_LOADER = "$(TEST_HOST)";
				CODE_SIGN_STYLE = Automatic;
				CURRENT_PROJECT_VERSION = 1;
				GENERATE_INFOPLIST_FILE = YES;
				IPHONEOS_DEPLOYMENT_TARGET = 15.2;
				MARKETING_VERSION = 1.0;
				PRODUCT_BUNDLE_IDENTIFIER = com.rummlabs.rummappTests;
				PRODUCT_NAME = "$(TARGET_NAME)";
				SWIFT_EMIT_LOC_STRINGS = NO;
				SWIFT_VERSION = 5.0;
				TARGETED_DEVICE_FAMILY = "1,2";
				TEST_HOST = "$(BUILT_PRODUCTS_DIR)/rummapp.app/rummapp";
			};
			name = Release;
		};
		571C3211276F9E30004F4D0B /* Debug */ = {
			isa = XCBuildConfiguration;
			buildSettings = {
				ALWAYS_EMBED_SWIFT_STANDARD_LIBRARIES = YES;
				CODE_SIGN_STYLE = Automatic;
				CURRENT_PROJECT_VERSION = 1;
				GENERATE_INFOPLIST_FILE = YES;
				MARKETING_VERSION = 1.0;
				PRODUCT_BUNDLE_IDENTIFIER = com.rummlabs.rummappUITests;
				PRODUCT_NAME = "$(TARGET_NAME)";
				SWIFT_EMIT_LOC_STRINGS = NO;
				SWIFT_VERSION = 5.0;
				TARGETED_DEVICE_FAMILY = "1,2";
				TEST_TARGET_NAME = rummapp;
			};
			name = Debug;
		};
		571C3212276F9E30004F4D0B /* Release */ = {
			isa = XCBuildConfiguration;
			buildSettings = {
				ALWAYS_EMBED_SWIFT_STANDARD_LIBRARIES = YES;
				CODE_SIGN_STYLE = Automatic;
				CURRENT_PROJECT_VERSION = 1;
				GENERATE_INFOPLIST_FILE = YES;
				MARKETING_VERSION = 1.0;
				PRODUCT_BUNDLE_IDENTIFIER = com.rummlabs.rummappUITests;
				PRODUCT_NAME = "$(TARGET_NAME)";
				SWIFT_EMIT_LOC_STRINGS = NO;
				SWIFT_VERSION = 5.0;
				TARGETED_DEVICE_FAMILY = "1,2";
				TEST_TARGET_NAME = rummapp;
			};
			name = Release;
		};
/* End XCBuildConfiguration section */

/* Begin XCConfigurationList section */
		571C31DC276F9E2F004F4D0B /* Build configuration list for PBXProject "rummapp" */ = {
			isa = XCConfigurationList;
			buildConfigurations = (
				571C3208276F9E30004F4D0B /* Debug */,
				571C3209276F9E30004F4D0B /* Release */,
			);
			defaultConfigurationIsVisible = 0;
			defaultConfigurationName = Release;
		};
		571C320A276F9E30004F4D0B /* Build configuration list for PBXNativeTarget "rummapp" */ = {
			isa = XCConfigurationList;
			buildConfigurations = (
				571C320B276F9E30004F4D0B /* Debug */,
				571C320C276F9E30004F4D0B /* Release */,
			);
			defaultConfigurationIsVisible = 0;
			defaultConfigurationName = Release;
		};
		571C320D276F9E30004F4D0B /* Build configuration list for PBXNativeTarget "rummappTests" */ = {
			isa = XCConfigurationList;
			buildConfigurations = (
				571C320E276F9E30004F4D0B /* Debug */,
				571C320F276F9E30004F4D0B /* Release */,
			);
			defaultConfigurationIsVisible = 0;
			defaultConfigurationName = Release;
		};
		571C3210276F9E30004F4D0B /* Build configuration list for PBXNativeTarget "rummappUITests" */ = {
			isa = XCConfigurationList;
			buildConfigurations = (
				571C3211276F9E30004F4D0B /* Debug */,
				571C3212276F9E30004F4D0B /* Release */,
			);
			defaultConfigurationIsVisible = 0;
			defaultConfigurationName = Release;
		};
/* End XCConfigurationList section */

/* Begin XCVersionGroup section */
		571C31EF276F9E30004F4D0B /* rummapp.xcdatamodeld */ = {
			isa = XCVersionGroup;
			children = (
				571C31F0276F9E30004F4D0B /* rummapp.xcdatamodel */,
			);
			currentVersion = 571C31F0276F9E30004F4D0B /* rummapp.xcdatamodel */;
			path = rummapp.xcdatamodeld;
			sourceTree = "<group>";
			versionGroupType = wrapper.xcdatamodel;
		};
/* End XCVersionGroup section */
	};
	rootObject = 571C31D9276F9E2E004F4D0B /* Project object */;
}
